// !$*UTF8*$!
{
	archiveVersion = 1;
	classes = {
	};
	objectVersion = 46;
	objects = {

/* Begin PBXBuildFile section */
		D0A55B3E1C1B29CE00E11EF2 /* AppDelegate.swift in Sources */ = {isa = PBXBuildFile; fileRef = D0A55B3D1C1B29CE00E11EF2 /* AppDelegate.swift */; };
		D0A55B431C1B29CE00E11EF2 /* Main.storyboard in Resources */ = {isa = PBXBuildFile; fileRef = D0A55B411C1B29CE00E11EF2 /* Main.storyboard */; };
		D0A55B451C1B29CE00E11EF2 /* Assets.xcassets in Resources */ = {isa = PBXBuildFile; fileRef = D0A55B441C1B29CE00E11EF2 /* Assets.xcassets */; };
		D0A55B481C1B29CE00E11EF2 /* LaunchScreen.storyboard in Resources */ = {isa = PBXBuildFile; fileRef = D0A55B461C1B29CE00E11EF2 /* LaunchScreen.storyboard */; };
		D0A55B501C1B2D4D00E11EF2 /* TextViewAnimatedTableViewController.swift in Sources */ = {isa = PBXBuildFile; fileRef = D0A55B4F1C1B2D4D00E11EF2 /* TextViewAnimatedTableViewController.swift */; };
		D0A55B521C1B35A000E11EF2 /* AnimatedTableViewCell.swift in Sources */ = {isa = PBXBuildFile; fileRef = D0A55B511C1B35A000E11EF2 /* AnimatedTableViewCell.swift */; };
/* End PBXBuildFile section */

/* Begin PBXFileReference section */
		D0A55B3A1C1B29CE00E11EF2 /* TextFieldLabelAnimation.app */ = {isa = PBXFileReference; explicitFileType = wrapper.application; includeInIndex = 0; path = TextFieldLabelAnimation.app; sourceTree = BUILT_PRODUCTS_DIR; };
		D0A55B3D1C1B29CE00E11EF2 /* AppDelegate.swift */ = {isa = PBXFileReference; lastKnownFileType = sourcecode.swift; path = AppDelegate.swift; sourceTree = "<group>"; };
		D0A55B421C1B29CE00E11EF2 /* Base */ = {isa = PBXFileReference; lastKnownFileType = file.storyboard; name = Base; path = Base.lproj/Main.storyboard; sourceTree = "<group>"; };
		D0A55B441C1B29CE00E11EF2 /* Assets.xcassets */ = {isa = PBXFileReference; lastKnownFileType = folder.assetcatalog; path = Assets.xcassets; sourceTree = "<group>"; };
		D0A55B471C1B29CE00E11EF2 /* Base */ = {isa = PBXFileReference; lastKnownFileType = file.storyboard; name = Base; path = Base.lproj/LaunchScreen.storyboard; sourceTree = "<group>"; };
		D0A55B491C1B29CE00E11EF2 /* Info.plist */ = {isa = PBXFileReference; lastKnownFileType = text.plist.xml; path = Info.plist; sourceTree = "<group>"; };
		D0A55B4F1C1B2D4D00E11EF2 /* TextViewAnimatedTableViewController.swift */ = {isa = PBXFileReference; fileEncoding = 4; lastKnownFileType = sourcecode.swift; path = TextViewAnimatedTableViewController.swift; sourceTree = "<group>"; };
		D0A55B511C1B35A000E11EF2 /* AnimatedTableViewCell.swift */ = {isa = PBXFileReference; fileEncoding = 4; lastKnownFileType = sourcecode.swift; path = AnimatedTableViewCell.swift; sourceTree = "<group>"; };
/* End PBXFileReference section */

/* Begin PBXFrameworksBuildPhase section */
		D0A55B371C1B29CE00E11EF2 /* Frameworks */ = {
			isa = PBXFrameworksBuildPhase;
			buildActionMask = 2147483647;
			files = (
			);
			runOnlyForDeploymentPostprocessing = 0;
		};
/* End PBXFrameworksBuildPhase section */

/* Begin PBXGroup section */
		D0A55B311C1B29CD00E11EF2 = {
			isa = PBXGroup;
			children = (
				D0A55B3C1C1B29CE00E11EF2 /* TextFieldLabelAnimation */,
				D0A55B3B1C1B29CE00E11EF2 /* Products */,
			);
			sourceTree = "<group>";
		};
		D0A55B3B1C1B29CE00E11EF2 /* Products */ = {
			isa = PBXGroup;
			children = (
				D0A55B3A1C1B29CE00E11EF2 /* TextFieldLabelAnimation.app */,
			);
			name = Products;
			sourceTree = "<group>";
		};
		D0A55B3C1C1B29CE00E11EF2 /* TextFieldLabelAnimation */ = {
			isa = PBXGroup;
			children = (
				D0A55B3D1C1B29CE00E11EF2 /* AppDelegate.swift */,
				D0A55B411C1B29CE00E11EF2 /* Main.storyboard */,
				D0A55B441C1B29CE00E11EF2 /* Assets.xcassets */,
				D0A55B461C1B29CE00E11EF2 /* LaunchScreen.storyboard */,
				D0A55B491C1B29CE00E11EF2 /* Info.plist */,
				D0A55B4F1C1B2D4D00E11EF2 /* TextViewAnimatedTableViewController.swift */,
				D0A55B511C1B35A000E11EF2 /* AnimatedTableViewCell.swift */,
			);
			path = TextFieldLabelAnimation;
			sourceTree = "<group>";
		};
/* End PBXGroup section */

/* Begin PBXNativeTarget section */
		D0A55B391C1B29CE00E11EF2 /* TextFieldLabelAnimation */ = {
			isa = PBXNativeTarget;
			buildConfigurationList = D0A55B4C1C1B29CE00E11EF2 /* Build configuration list for PBXNativeTarget "TextFieldLabelAnimation" */;
			buildPhases = (
				D0A55B361C1B29CE00E11EF2 /* Sources */,
				D0A55B371C1B29CE00E11EF2 /* Frameworks */,
				D0A55B381C1B29CE00E11EF2 /* Resources */,
			);
			buildRules = (
			);
			dependencies = (
			);
			name = TextFieldLabelAnimation;
			productName = TextFieldLabelAnimation;
			productReference = D0A55B3A1C1B29CE00E11EF2 /* TextFieldLabelAnimation.app */;
			productType = "com.apple.product-type.application";
		};
/* End PBXNativeTarget section */

/* Begin PBXProject section */
		D0A55B321C1B29CD00E11EF2 /* Project object */ = {
			isa = PBXProject;
			attributes = {
				LastSwiftUpdateCheck = 0720;
				LastUpgradeCheck = 0720;
				ORGANIZATIONNAME = shethjignesh.com;
				TargetAttributes = {
					D0A55B391C1B29CE00E11EF2 = {
						CreatedOnToolsVersion = 7.2;
					};
				};
			};
			buildConfigurationList = D0A55B351C1B29CD00E11EF2 /* Build configuration list for PBXProject "TextFieldLabelAnimation" */;
			compatibilityVersion = "Xcode 3.2";
			developmentRegion = English;
			hasScannedForEncodings = 0;
			knownRegions = (
				en,
				Base,
			);
			mainGroup = D0A55B311C1B29CD00E11EF2;
			productRefGroup = D0A55B3B1C1B29CE00E11EF2 /* Products */;
			projectDirPath = "";
			projectRoot = "";
			targets = (
				D0A55B391C1B29CE00E11EF2 /* TextFieldLabelAnimation */,
			);
		};
/* End PBXProject section */

/* Begin PBXResourcesBuildPhase section */
		D0A55B381C1B29CE00E11EF2 /* Resources */ = {
			isa = PBXResourcesBuildPhase;
			buildActionMask = 2147483647;
			files = (
				D0A55B481C1B29CE00E11EF2 /* LaunchScreen.storyboard in Resources */,
				D0A55B451C1B29CE00E11EF2 /* Assets.xcassets in Resources */,
				D0A55B431C1B29CE00E11EF2 /* Main.storyboard in Resources */,
			);
			runOnlyForDeploymentPostprocessing = 0;
		};
/* End PBXResourcesBuildPhase section */

/* Begin PBXSourcesBuildPhase section */
		D0A55B361C1B29CE00E11EF2 /* Sources */ = {
			isa = PBXSourcesBuildPhase;
			buildActionMask = 2147483647;
			files = (
				D0A55B521C1B35A000E11EF2 /* AnimatedTableViewCell.swift in Sources */,
				D0A55B501C1B2D4D00E11EF2 /* TextViewAnimatedTableViewController.swift in Sources */,
				D0A55B3E1C1B29CE00E11EF2 /* AppDelegate.swift in Sources */,
			);
			runOnlyForDeploymentPostprocessing = 0;
		};
/* End PBXSourcesBuildPhase section */

/* Begin PBXVariantGroup section */
		D0A55B411C1B29CE00E11EF2 /* Main.storyboard */ = {
			isa = PBXVariantGroup;
			children = (
				D0A55B421C1B29CE00E11EF2 /* Base */,
			);
			name = Main.storyboard;
			sourceTree = "<group>";
		};
		D0A55B461C1B29CE00E11EF2 /* LaunchScreen.storyboard */ = {
			isa = PBXVariantGroup;
			children = (
				D0A55B471C1B29CE00E11EF2 /* Base */,
			);
			name = LaunchScreen.storyboard;
			sourceTree = "<group>";
		};
/* End PBXVariantGroup section */

/* Begin XCBuildConfiguration section */
		D0A55B4A1C1B29CE00E11EF2 /* Debug */ = {
			isa = XCBuildConfiguration;
			buildSettings = {
				ALWAYS_SEARCH_USER_PATHS = NO;
				CLANG_CXX_LANGUAGE_STANDARD = "gnu++0x";
				CLANG_CXX_LIBRARY = "libc++";
				CLANG_ENABLE_MODULES = YES;
				CLANG_ENABLE_OBJC_ARC = YES;
				CLANG_WARN_BOOL_CONVERSION = YES;
				CLANG_WARN_CONSTANT_CONVERSION = YES;
				CLANG_WARN_DIRECT_OBJC_ISA_USAGE = YES_ERROR;
				CLANG_WARN_EMPTY_BODY = YES;
				CLANG_WARN_ENUM_CONVERSION = YES;
				CLANG_WARN_INT_CONVERSION = YES;
				CLANG_WARN_OBJC_ROOT_CLASS = YES_ERROR;
				CLANG_WARN_UNREACHABLE_CODE = YES;
				CLANG_WARN__DUPLICATE_METHOD_MATCH = YES;
				"CODE_SIGN_IDENTITY[sdk=iphoneos*]" = "iPhone Developer";
				COPY_PHASE_STRIP = NO;
				DEBUG_INFORMATION_FORMAT = dwarf;
				ENABLE_STRICT_OBJC_MSGSEND = YES;
				ENABLE_TESTABILITY = YES;
				GCC_C_LANGUAGE_STANDARD = gnu99;
				GCC_DYNAMIC_NO_PIC = NO;
				GCC_NO_COMMON_BLOCKS = YES;
				GCC_OPTIMIZATION_LEVEL = 0;
				GCC_PREPROCESSOR_DEFINITIONS = (
					"DEBUG=1",
					"$(inherited)",
				);
				GCC_WARN_64_TO_32_BIT_CONVERSION = YES;
				GCC_WARN_ABOUT_RETURN_TYPE = YES_ERROR;
				GCC_WARN_UNDECLARED_SELECTOR = YES;
				GCC_WARN_UNINITIALIZED_AUTOS = YES_AGGRESSIVE;
				GCC_WARN_UNUSED_FUNCTION = YES;
				GCC_WARN_UNUSED_VARIABLE = YES;
				IPHONEOS_DEPLOYMENT_TARGET = 9.2;
				MTL_ENABLE_DEBUG_INFO = YES;
				ONLY_ACTIVE_ARCH = YES;
				SDKROOT = iphoneos;
				SWIFT_OPTIMIZATION_LEVEL = "-Onone";
				TARGETED_DEVICE_FAMILY = "1,2";
			};
			name = Debug;
		};
		D0A55B4B1C1B29CE00E11EF2 /* Release */ = {
			isa = XCBuildConfiguration;
			buildSettings = {
				ALWAYS_SEARCH_USER_PATHS = NO;
				CLANG_CXX_LANGUAGE_STANDARD = "gnu++0x";
				CLANG_CXX_LIBRARY = "libc++";
				CLANG_ENABLE_MODULES = YES;
				CLANG_ENABLE_OBJC_ARC = YES;
				CLANG_WARN_BOOL_CONVERSION = YES;
				CLANG_WARN_CONSTANT_CONVERSION = YES;
				CLANG_WARN_DIRECT_OBJC_ISA_USAGE = YES_ERROR;
				CLANG_WARN_EMPTY_BODY = YES;
				CLANG_WARN_ENUM_CONVERSION = YES;
				CLANG_WARN_INT_CONVERSION = YES;
				CLANG_WARN_OBJC_ROOT_CLASS = YES_ERROR;
				CLANG_WARN_UNREACHABLE_CODE = YES;
				CLANG_WARN__DUPLICATE_METHOD_MATCH = YES;
				"CODE_SIGN_IDENTITY[sdk=iphoneos*]" = "iPhone Developer";
				COPY_PHASE_STRIP = NO;
				DEBUG_INFORMATION_FORMAT = "dwarf-with-dsym";
				ENABLE_NS_ASSERTIONS = NO;
				ENABLE_STRICT_OBJC_MSGSEND = YES;
				GCC_C_LANGUAGE_STANDARD = gnu99;
				GCC_NO_COMMON_BLOCKS = YES;
				GCC_WARN_64_TO_32_BIT_CONVERSION = YES;
				GCC_WARN_ABOUT_RETURN_TYPE = YES_ERROR;
				GCC_WARN_UNDECLARED_SELECTOR = YES;
				GCC_WARN_UNINITIALIZED_AUTOS = YES_AGGRESSIVE;
				GCC_WARN_UNUSED_FUNCTION = YES;
				GCC_WARN_UNUSED_VARIABLE = YES;
				IPHONEOS_DEPLOYMENT_TARGET = 9.2;
				MTL_ENABLE_DEBUG_INFO = NO;
				SDKROOT = iphoneos;
				TARGETED_DEVICE_FAMILY = "1,2";
				VALIDATE_PRODUCT = YES;
			};
			name = Release;
		};
		D0A55B4D1C1B29CE00E11EF2 /* Debug */ = {
			isa = XCBuildConfiguration;
			buildSettings = {
				ASSETCATALOG_COMPILER_APPICON_NAME = AppIcon;
				INFOPLIST_FILE = TextFieldLabelAnimation/Info.plist;
				LD_RUNPATH_SEARCH_PATHS = "$(inherited) @executable_path/Frameworks";
				PRODUCT_BUNDLE_IDENTIFIER = sheth.TextFieldLabelAnimation;
				PRODUCT_NAME = "$(TARGET_NAME)";
			};
			name = Debug;
		};
		D0A55B4E1C1B29CE00E11EF2 /* Release */ = {
			isa = XCBuildConfiguration;
			buildSettings = {
				ASSETCATALOG_COMPILER_APPICON_NAME = AppIcon;
				INFOPLIST_FILE = TextFieldLabelAnimation/Info.plist;
				LD_RUNPATH_SEARCH_PATHS = "$(inherited) @executable_path/Frameworks";
				PRODUCT_BUNDLE_IDENTIFIER = sheth.TextFieldLabelAnimation;
				PRODUCT_NAME = "$(TARGET_NAME)";
			};
			name = Release;
		};
/* End XCBuildConfiguration section */

/* Begin XCConfigurationList section */
		D0A55B351C1B29CD00E11EF2 /* Build configuration list for PBXProject "TextFieldLabelAnimation" */ = {
			isa = XCConfigurationList;
			buildConfigurations = (
				D0A55B4A1C1B29CE00E11EF2 /* Debug */,
				D0A55B4B1C1B29CE00E11EF2 /* Release */,
			);
			defaultConfigurationIsVisible = 0;
			defaultConfigurationName = Release;
		};
		D0A55B4C1C1B29CE00E11EF2 /* Build configuration list for PBXNativeTarget "TextFieldLabelAnimation" */ = {
			isa = XCConfigurationList;
			buildConfigurations = (
				D0A55B4D1C1B29CE00E11EF2 /* Debug */,
				D0A55B4E1C1B29CE00E11EF2 /* Release */,
			);
			defaultConfigurationIsVisible = 0;
		};
/* End XCConfigurationList section */
	};
	rootObject = D0A55B321C1B29CD00E11EF2 /* Project object */;
}
